
Microsoft Visual Studio Solution File, Format Version 12.00
Project("{FAE04EC0-301F-11D3-BF4B-00C04F79EFBC}") = "AccountOperator", "AccountOperator\AccountOperator.csproj", "{14E82BB7-D239-4DCD-AE7A-B7AAF41FD800}"
EndProject
Project("{FAE04EC0-301F-11D3-BF4B-00C04F79EFBC}") = "AccountOperatorTests", "AccountOperatorTests\AccountOperatorTests.csproj", "{033402F1-9337-429A-9BBA-D52719819675}"
EndProject
Global
	GlobalSection(SolutionConfigurationPlatforms) = preSolution
		Debug|Any CPU = Debug|Any CPU
		Release|Any CPU = Release|Any CPU
	EndGlobalSection
	GlobalSection(ProjectConfigurationPlatforms) = postSolution
		{14E82BB7-D239-4DCD-AE7A-B7AAF41FD800}.Debug|Any CPU.ActiveCfg = Debug|Any CPU
		{14E82BB7-D239-4DCD-AE7A-B7AAF41FD800}.Debug|Any CPU.Build.0 = Debug|Any CPU
		{14E82BB7-D239-4DCD-AE7A-B7AAF41FD800}.Release|Any CPU.ActiveCfg = Release|Any CPU
		{14E82BB7-D239-4DCD-AE7A-B7AAF41FD800}.Release|Any CPU.Build.0 = Release|Any CPU
		{033402F1-9337-429A-9BBA-D52719819675}.Debug|Any CPU.ActiveCfg = Debug|Any CPU
		{033402F1-9337-429A-9BBA-D52719819675}.Debug|Any CPU.Build.0 = Debug|Any CPU
		{033402F1-9337-429A-9BBA-D52719819675}.Release|Any CPU.ActiveCfg = Release|Any CPU
		{033402F1-9337-429A-9BBA-D52719819675}.Release|Any CPU.Build.0 = Release|Any CPU
	EndGlobalSection
EndGlobal
